
Microsoft Visual Studio Solution File, Format Version 12.00
# Visual Studio Version 17
VisualStudioVersion = 17.10.35013.160
MinimumVisualStudioVersion = 10.0.40219.1
Project("{FAE04EC0-301F-11D3-BF4B-00C04F79EFBC}") = "C#-Task-Array", "C#-Task-Array\C#-Task-Array.csproj", "{32FFA042-2037-466B-A445-3D686A93FF50}"
EndProject
Project("{FAE04EC0-301F-11D3-BF4B-00C04F79EFBC}") = "C#-Task -Conditional-statement", "C#-Task -Conditional-statement\C#-Task -Conditional-statement.csproj", "{584AE98F-3CBC-4D30-A12E-EBE7FB5E576B}"
EndProject
Global
	GlobalSection(SolutionConfigurationPlatforms) = preSolution
		Debug|Any CPU = Debug|Any CPU
		Release|Any CPU = Release|Any CPU
	EndGlobalSection
	GlobalSection(ProjectConfigurationPlatforms) = postSolution
		{32FFA042-2037-466B-A445-3D686A93FF50}.Debug|Any CPU.ActiveCfg = Debug|Any CPU
		{32FFA042-2037-466B-A445-3D686A93FF50}.Debug|Any CPU.Build.0 = Debug|Any CPU
		{32FFA042-2037-466B-A445-3D686A93FF50}.Release|Any CPU.ActiveCfg = Release|Any CPU
		{32FFA042-2037-466B-A445-3D686A93FF50}.Release|Any CPU.Build.0 = Release|Any CPU
		{584AE98F-3CBC-4D30-A12E-EBE7FB5E576B}.Debug|Any CPU.ActiveCfg = Debug|Any CPU
		{584AE98F-3CBC-4D30-A12E-EBE7FB5E576B}.Debug|Any CPU.Build.0 = Debug|Any CPU
		{584AE98F-3CBC-4D30-A12E-EBE7FB5E576B}.Release|Any CPU.ActiveCfg = Release|Any CPU
		{584AE98F-3CBC-4D30-A12E-EBE7FB5E576B}.Release|Any CPU.Build.0 = Release|Any CPU
	EndGlobalSection
	GlobalSection(SolutionProperties) = preSolution
		HideSolutionNode = FALSE
	EndGlobalSection
	GlobalSection(ExtensibilityGlobals) = postSolution
		SolutionGuid = {DAF527A1-3302-4C26-896D-3221A3A5456A}
	EndGlobalSection
EndGlobal
